
Microsoft Visual Studio Solution File, Format Version 12.00
# Visual Studio Version 17
VisualStudioVersion = 17.3.32929.385
MinimumVisualStudioVersion = 10.0.40219.1
Project("{FAE04EC0-301F-11D3-BF4B-00C04F79EFBC}") = "RecipeApi", "RecipeApi\RecipeApi.csproj", "{5E44FEAC-3AD0-497F-A3E9-A5ED9C8427A1}"
EndProject
Global
	GlobalSection(SolutionConfigurationPlatforms) = preSolution
		Debug|Any CPU = Debug|Any CPU
		Release|Any CPU = Release|Any CPU
	EndGlobalSection
	GlobalSection(ProjectConfigurationPlatforms) = postSolution
		{5E44FEAC-3AD0-497F-A3E9-A5ED9C8427A1}.Debug|Any CPU.ActiveCfg = Debug|Any CPU
		{5E44FEAC-3AD0-497F-A3E9-A5ED9C8427A1}.Debug|Any CPU.Build.0 = Debug|Any CPU
		{5E44FEAC-3AD0-497F-A3E9-A5ED9C8427A1}.Release|Any CPU.ActiveCfg = Release|Any CPU
		{5E44FEAC-3AD0-497F-A3E9-A5ED9C8427A1}.Release|Any CPU.Build.0 = Release|Any CPU
	EndGlobalSection
	GlobalSection(SolutionProperties) = preSolution
		HideSolutionNode = FALSE
	EndGlobalSection
	GlobalSection(ExtensibilityGlobals) = postSolution
		SolutionGuid = {3EAAB0F9-332B-40E9-969A-9C3FC9EA4C7B}
	EndGlobalSection
EndGlobal
